
Microsoft Visual Studio Solution File, Format Version 12.00
# Visual Studio Version 17
VisualStudioVersion = 17.0.31903.59
MinimumVisualStudioVersion = 10.0.40219.1
Project("{2150E333-8FDC-42A3-9474-1A3956D46DE8}") = "src", "src", "{AF65D088-E5BC-465B-AF85-34B6055DB150}"
EndProject
Project("{9A19103F-16F7-4668-BE54-9A1E7A4F7556}") = "AuctionService", "src\AuctionService\AuctionService.csproj", "{5388149B-5F5A-44D3-A537-3090EAD174A4}"
EndProject
Project("{9A19103F-16F7-4668-BE54-9A1E7A4F7556}") = "SearchService", "src\SearchService\SearchService.csproj", "{B8BE2587-557B-4EF2-80C5-AE195242058C}"
EndProject
Project("{9A19103F-16F7-4668-BE54-9A1E7A4F7556}") = "Contracts", "src\Contracts\Contracts.csproj", "{0CACEE61-7CAC-42B7-9F8F-F086B0D4FB3F}"
EndProject
Project("{9A19103F-16F7-4668-BE54-9A1E7A4F7556}") = "IdentityService", "src\IdentityService\IdentityService.csproj", "{D858AB98-3719-4D35-A99E-AB77DD61AB00}"
EndProject
Project("{FAE04EC0-301F-11D3-BF4B-00C04F79EFBC}") = "GatewayService", "src\GatewayService\GatewayService.csproj", "{D716364A-9A7B-4A1C-93A8-20EDDADC5D4C}"
EndProject
Project("{FAE04EC0-301F-11D3-BF4B-00C04F79EFBC}") = "BiddingService", "src\BiddingService\BiddingService.csproj", "{D109BC4A-1BBA-4BDB-8E9F-A0E2D3E87F7F}"
EndProject
Project("{FAE04EC0-301F-11D3-BF4B-00C04F79EFBC}") = "NotificationService", "src\NotificationService\NotificationService.csproj", "{68CA6E7F-8B27-4DA9-BB36-4A390B1BB50C}"
EndProject
Global
	GlobalSection(SolutionConfigurationPlatforms) = preSolution
		Debug|Any CPU = Debug|Any CPU
		Release|Any CPU = Release|Any CPU
	EndGlobalSection
	GlobalSection(ProjectConfigurationPlatforms) = postSolution
		{5388149B-5F5A-44D3-A537-3090EAD174A4}.Debug|Any CPU.ActiveCfg = Debug|Any CPU
		{5388149B-5F5A-44D3-A537-3090EAD174A4}.Debug|Any CPU.Build.0 = Debug|Any CPU
		{5388149B-5F5A-44D3-A537-3090EAD174A4}.Release|Any CPU.ActiveCfg = Release|Any CPU
		{5388149B-5F5A-44D3-A537-3090EAD174A4}.Release|Any CPU.Build.0 = Release|Any CPU
		{B8BE2587-557B-4EF2-80C5-AE195242058C}.Debug|Any CPU.ActiveCfg = Debug|Any CPU
		{B8BE2587-557B-4EF2-80C5-AE195242058C}.Debug|Any CPU.Build.0 = Debug|Any CPU
		{B8BE2587-557B-4EF2-80C5-AE195242058C}.Release|Any CPU.ActiveCfg = Release|Any CPU
		{B8BE2587-557B-4EF2-80C5-AE195242058C}.Release|Any CPU.Build.0 = Release|Any CPU
		{0CACEE61-7CAC-42B7-9F8F-F086B0D4FB3F}.Debug|Any CPU.ActiveCfg = Debug|Any CPU
		{0CACEE61-7CAC-42B7-9F8F-F086B0D4FB3F}.Debug|Any CPU.Build.0 = Debug|Any CPU
		{0CACEE61-7CAC-42B7-9F8F-F086B0D4FB3F}.Release|Any CPU.ActiveCfg = Release|Any CPU
		{0CACEE61-7CAC-42B7-9F8F-F086B0D4FB3F}.Release|Any CPU.Build.0 = Release|Any CPU
		{D858AB98-3719-4D35-A99E-AB77DD61AB00}.Debug|Any CPU.ActiveCfg = Debug|Any CPU
		{D858AB98-3719-4D35-A99E-AB77DD61AB00}.Debug|Any CPU.Build.0 = Debug|Any CPU
		{D858AB98-3719-4D35-A99E-AB77DD61AB00}.Release|Any CPU.ActiveCfg = Release|Any CPU
		{D858AB98-3719-4D35-A99E-AB77DD61AB00}.Release|Any CPU.Build.0 = Release|Any CPU
		{D716364A-9A7B-4A1C-93A8-20EDDADC5D4C}.Debug|Any CPU.ActiveCfg = Debug|Any CPU
		{D716364A-9A7B-4A1C-93A8-20EDDADC5D4C}.Debug|Any CPU.Build.0 = Debug|Any CPU
		{D716364A-9A7B-4A1C-93A8-20EDDADC5D4C}.Release|Any CPU.ActiveCfg = Release|Any CPU
		{D716364A-9A7B-4A1C-93A8-20EDDADC5D4C}.Release|Any CPU.Build.0 = Release|Any CPU
		{D109BC4A-1BBA-4BDB-8E9F-A0E2D3E87F7F}.Debug|Any CPU.ActiveCfg = Debug|Any CPU
		{D109BC4A-1BBA-4BDB-8E9F-A0E2D3E87F7F}.Debug|Any CPU.Build.0 = Debug|Any CPU
		{D109BC4A-1BBA-4BDB-8E9F-A0E2D3E87F7F}.Release|Any CPU.ActiveCfg = Release|Any CPU
		{D109BC4A-1BBA-4BDB-8E9F-A0E2D3E87F7F}.Release|Any CPU.Build.0 = Release|Any CPU
		{68CA6E7F-8B27-4DA9-BB36-4A390B1BB50C}.Debug|Any CPU.ActiveCfg = Debug|Any CPU
		{68CA6E7F-8B27-4DA9-BB36-4A390B1BB50C}.Debug|Any CPU.Build.0 = Debug|Any CPU
		{68CA6E7F-8B27-4DA9-BB36-4A390B1BB50C}.Release|Any CPU.ActiveCfg = Release|Any CPU
		{68CA6E7F-8B27-4DA9-BB36-4A390B1BB50C}.Release|Any CPU.Build.0 = Release|Any CPU
	EndGlobalSection
	GlobalSection(SolutionProperties) = preSolution
		HideSolutionNode = FALSE
	EndGlobalSection
	GlobalSection(NestedProjects) = preSolution
		{5388149B-5F5A-44D3-A537-3090EAD174A4} = {AF65D088-E5BC-465B-AF85-34B6055DB150}
		{B8BE2587-557B-4EF2-80C5-AE195242058C} = {AF65D088-E5BC-465B-AF85-34B6055DB150}
		{0CACEE61-7CAC-42B7-9F8F-F086B0D4FB3F} = {AF65D088-E5BC-465B-AF85-34B6055DB150}
		{D858AB98-3719-4D35-A99E-AB77DD61AB00} = {AF65D088-E5BC-465B-AF85-34B6055DB150}
		{D716364A-9A7B-4A1C-93A8-20EDDADC5D4C} = {AF65D088-E5BC-465B-AF85-34B6055DB150}
		{D109BC4A-1BBA-4BDB-8E9F-A0E2D3E87F7F} = {AF65D088-E5BC-465B-AF85-34B6055DB150}
		{68CA6E7F-8B27-4DA9-BB36-4A390B1BB50C} = {AF65D088-E5BC-465B-AF85-34B6055DB150}
	EndGlobalSection
EndGlobal
